// !$*UTF8*$!
{
	archiveVersion = 1;
	classes = {
	};
	objectVersion = 46;
	objects = {

/* Begin PBXBuildFile section */
		2499ACD1198F8850002E6E10 /* Foundation.framework in Frameworks */ = {isa = PBXBuildFile; fileRef = 2499ACD0198F8850002E6E10 /* Foundation.framework */; };
		2499ACD3198F8850002E6E10 /* CoreGraphics.framework in Frameworks */ = {isa = PBXBuildFile; fileRef = 2499ACD2198F8850002E6E10 /* CoreGraphics.framework */; };
		2499ACD5198F8850002E6E10 /* UIKit.framework in Frameworks */ = {isa = PBXBuildFile; fileRef = 2499ACD4198F8850002E6E10 /* UIKit.framework */; };
		2499ACDB198F8851002E6E10 /* InfoPlist.strings in Resources */ = {isa = PBXBuildFile; fileRef = 2499ACD9198F8851002E6E10 /* InfoPlist.strings */; };
		2499ACDD198F8851002E6E10 /* main.m in Sources */ = {isa = PBXBuildFile; fileRef = 2499ACDC198F8851002E6E10 /* main.m */; };
		2499ACE1198F8851002E6E10 /* AppDelegate.m in Sources */ = {isa = PBXBuildFile; fileRef = 2499ACE0198F8851002E6E10 /* AppDelegate.m */; };
		2499ACE3198F8851002E6E10 /* Images.xcassets in Resources */ = {isa = PBXBuildFile; fileRef = 2499ACE2198F8851002E6E10 /* Images.xcassets */; };
		2499ACEA198F8851002E6E10 /* XCTest.framework in Frameworks */ = {isa = PBXBuildFile; fileRef = 2499ACE9198F8851002E6E10 /* XCTest.framework */; };
		2499ACEB198F8851002E6E10 /* Foundation.framework in Frameworks */ = {isa = PBXBuildFile; fileRef = 2499ACD0198F8850002E6E10 /* Foundation.framework */; };
		2499ACEC198F8851002E6E10 /* UIKit.framework in Frameworks */ = {isa = PBXBuildFile; fileRef = 2499ACD4198F8850002E6E10 /* UIKit.framework */; };
		2499ACF4198F8851002E6E10 /* InfoPlist.strings in Resources */ = {isa = PBXBuildFile; fileRef = 2499ACF2198F8851002E6E10 /* InfoPlist.strings */; };
		2499ACF6198F8851002E6E10 /* TJRPopoverViewDemoTests.m in Sources */ = {isa = PBXBuildFile; fileRef = 2499ACF5198F8851002E6E10 /* TJRPopoverViewDemoTests.m */; };
		2499AD01198F886A002E6E10 /* RootViewController.m in Sources */ = {isa = PBXBuildFile; fileRef = 2499AD00198F886A002E6E10 /* RootViewController.m */; };
		2499AD05198F8960002E6E10 /* TJRPopoverView.m in Sources */ = {isa = PBXBuildFile; fileRef = 2499AD04198F8960002E6E10 /* TJRPopoverView.m */; };
/* End PBXBuildFile section */

/* Begin PBXContainerItemProxy section */
		2499ACED198F8851002E6E10 /* PBXContainerItemProxy */ = {
			isa = PBXContainerItemProxy;
			containerPortal = 2499ACC5198F8850002E6E10 /* Project object */;
			proxyType = 1;
			remoteGlobalIDString = 2499ACCC198F8850002E6E10;
			remoteInfo = TJRPopoverViewDemo;
		};
/* End PBXContainerItemProxy section */

/* Begin PBXFileReference section */
		2499ACCD198F8850002E6E10 /* TJRPopoverViewDemo.app */ = {isa = PBXFileReference; explicitFileType = wrapper.application; includeInIndex = 0; path = TJRPopoverViewDemo.app; sourceTree = BUILT_PRODUCTS_DIR; };
		2499ACD0198F8850002E6E10 /* Foundation.framework */ = {isa = PBXFileReference; lastKnownFileType = wrapper.framework; name = Foundation.framework; path = System/Library/Frameworks/Foundation.framework; sourceTree = SDKROOT; };
		2499ACD2198F8850002E6E10 /* CoreGraphics.framework */ = {isa = PBXFileReference; lastKnownFileType = wrapper.framework; name = CoreGraphics.framework; path = System/Library/Frameworks/CoreGraphics.framework; sourceTree = SDKROOT; };
		2499ACD4198F8850002E6E10 /* UIKit.framework */ = {isa = PBXFileReference; lastKnownFileType = wrapper.framework; name = UIKit.framework; path = System/Library/Frameworks/UIKit.framework; sourceTree = SDKROOT; };
		2499ACD8198F8851002E6E10 /* TJRPopoverViewDemo-Info.plist */ = {isa = PBXFileReference; lastKnownFileType = text.plist.xml; path = "TJRPopoverViewDemo-Info.plist"; sourceTree = "<group>"; };
		2499ACDA198F8851002E6E10 /* en */ = {isa = PBXFileReference; lastKnownFileType = text.plist.strings; name = en; path = en.lproj/InfoPlist.strings; sourceTree = "<group>"; };
		2499ACDC198F8851002E6E10 /* main.m */ = {isa = PBXFileReference; lastKnownFileType = sourcecode.c.objc; path = main.m; sourceTree = "<group>"; };
		2499ACDE198F8851002E6E10 /* TJRPopoverViewDemo-Prefix.pch */ = {isa = PBXFileReference; lastKnownFileType = sourcecode.c.h; path = "TJRPopoverViewDemo-Prefix.pch"; sourceTree = "<group>"; };
		2499ACDF198F8851002E6E10 /* AppDelegate.h */ = {isa = PBXFileReference; lastKnownFileType = sourcecode.c.h; path = AppDelegate.h; sourceTree = "<group>"; };
		2499ACE0198F8851002E6E10 /* AppDelegate.m */ = {isa = PBXFileReference; lastKnownFileType = sourcecode.c.objc; path = AppDelegate.m; sourceTree = "<group>"; };
		2499ACE2198F8851002E6E10 /* Images.xcassets */ = {isa = PBXFileReference; lastKnownFileType = folder.assetcatalog; path = Images.xcassets; sourceTree = "<group>"; };
		2499ACE8198F8851002E6E10 /* TJRPopoverViewDemoTests.xctest */ = {isa = PBXFileReference; explicitFileType = wrapper.cfbundle; includeInIndex = 0; path = TJRPopoverViewDemoTests.xctest; sourceTree = BUILT_PRODUCTS_DIR; };
		2499ACE9198F8851002E6E10 /* XCTest.framework */ = {isa = PBXFileReference; lastKnownFileType = wrapper.framework; name = XCTest.framework; path = Library/Frameworks/XCTest.framework; sourceTree = DEVELOPER_DIR; };
		2499ACF1198F8851002E6E10 /* TJRPopoverViewDemoTests-Info.plist */ = {isa = PBXFileReference; lastKnownFileType = text.plist.xml; path = "TJRPopoverViewDemoTests-Info.plist"; sourceTree = "<group>"; };
		2499ACF3198F8851002E6E10 /* en */ = {isa = PBXFileReference; lastKnownFileType = text.plist.strings; name = en; path = en.lproj/InfoPlist.strings; sourceTree = "<group>"; };
		2499ACF5198F8851002E6E10 /* TJRPopoverViewDemoTests.m */ = {isa = PBXFileReference; lastKnownFileType = sourcecode.c.objc; path = TJRPopoverViewDemoTests.m; sourceTree = "<group>"; };
		2499ACFF198F886A002E6E10 /* RootViewController.h */ = {isa = PBXFileReference; fileEncoding = 4; lastKnownFileType = sourcecode.c.h; path = RootViewController.h; sourceTree = "<group>"; };
		2499AD00198F886A002E6E10 /* RootViewController.m */ = {isa = PBXFileReference; fileEncoding = 4; lastKnownFileType = sourcecode.c.objc; path = RootViewController.m; sourceTree = "<group>"; };
		2499AD03198F8960002E6E10 /* TJRPopoverView.h */ = {isa = PBXFileReference; fileEncoding = 4; lastKnownFileType = sourcecode.c.h; path = TJRPopoverView.h; sourceTree = "<group>"; };
		2499AD04198F8960002E6E10 /* TJRPopoverView.m */ = {isa = PBXFileReference; fileEncoding = 4; lastKnownFileType = sourcecode.c.objc; path = TJRPopoverView.m; sourceTree = "<group>"; };
/* End PBXFileReference section */

/* Begin PBXFrameworksBuildPhase section */
		2499ACCA198F8850002E6E10 /* Frameworks */ = {
			isa = PBXFrameworksBuildPhase;
			buildActionMask = 2147483647;
			files = (
				2499ACD3198F8850002E6E10 /* CoreGraphics.framework in Frameworks */,
				2499ACD5198F8850002E6E10 /* UIKit.framework in Frameworks */,
				2499ACD1198F8850002E6E10 /* Foundation.framework in Frameworks */,
			);
			runOnlyForDeploymentPostprocessing = 0;
		};
		2499ACE5198F8851002E6E10 /* Frameworks */ = {
			isa = PBXFrameworksBuildPhase;
			buildActionMask = 2147483647;
			files = (
				2499ACEA198F8851002E6E10 /* XCTest.framework in Frameworks */,
				2499ACEC198F8851002E6E10 /* UIKit.framework in Frameworks */,
				2499ACEB198F8851002E6E10 /* Foundation.framework in Frameworks */,
			);
			runOnlyForDeploymentPostprocessing = 0;
		};
/* End PBXFrameworksBuildPhase section */

/* Begin PBXGroup section */
		2499ACC4198F8850002E6E10 = {
			isa = PBXGroup;
			children = (
				2499ACD6198F8850002E6E10 /* TJRPopoverViewDemo */,
				2499ACEF198F8851002E6E10 /* TJRPopoverViewDemoTests */,
				2499ACCF198F8850002E6E10 /* Frameworks */,
				2499ACCE198F8850002E6E10 /* Products */,
			);
			sourceTree = "<group>";
		};
		2499ACCE198F8850002E6E10 /* Products */ = {
			isa = PBXGroup;
			children = (
				2499ACCD198F8850002E6E10 /* TJRPopoverViewDemo.app */,
				2499ACE8198F8851002E6E10 /* TJRPopoverViewDemoTests.xctest */,
			);
			name = Products;
			sourceTree = "<group>";
		};
		2499ACCF198F8850002E6E10 /* Frameworks */ = {
			isa = PBXGroup;
			children = (
				2499ACD0198F8850002E6E10 /* Foundation.framework */,
				2499ACD2198F8850002E6E10 /* CoreGraphics.framework */,
				2499ACD4198F8850002E6E10 /* UIKit.framework */,
				2499ACE9198F8851002E6E10 /* XCTest.framework */,
			);
			name = Frameworks;
			sourceTree = "<group>";
		};
		2499ACD6198F8850002E6E10 /* TJRPopoverViewDemo */ = {
			isa = PBXGroup;
			children = (
				2499ACDF198F8851002E6E10 /* AppDelegate.h */,
				2499ACE0198F8851002E6E10 /* AppDelegate.m */,
				2499ACFF198F886A002E6E10 /* RootViewController.h */,
				2499AD00198F886A002E6E10 /* RootViewController.m */,
				2499AD02198F8960002E6E10 /* TJRPopoverView */,
				2499ACE2198F8851002E6E10 /* Images.xcassets */,
				2499ACD7198F8851002E6E10 /* Supporting Files */,
			);
			path = TJRPopoverViewDemo;
			sourceTree = "<group>";
		};
		2499ACD7198F8851002E6E10 /* Supporting Files */ = {
			isa = PBXGroup;
			children = (
				2499ACD8198F8851002E6E10 /* TJRPopoverViewDemo-Info.plist */,
				2499ACD9198F8851002E6E10 /* InfoPlist.strings */,
				2499ACDC198F8851002E6E10 /* main.m */,
				2499ACDE198F8851002E6E10 /* TJRPopoverViewDemo-Prefix.pch */,
			);
			name = "Supporting Files";
			sourceTree = "<group>";
		};
		2499ACEF198F8851002E6E10 /* TJRPopoverViewDemoTests */ = {
			isa = PBXGroup;
			children = (
				2499ACF5198F8851002E6E10 /* TJRPopoverViewDemoTests.m */,
				2499ACF0198F8851002E6E10 /* Supporting Files */,
			);
			path = TJRPopoverViewDemoTests;
			sourceTree = "<group>";
		};
		2499ACF0198F8851002E6E10 /* Supporting Files */ = {
			isa = PBXGroup;
			children = (
				2499ACF1198F8851002E6E10 /* TJRPopoverViewDemoTests-Info.plist */,
				2499ACF2198F8851002E6E10 /* InfoPlist.strings */,
			);
			name = "Supporting Files";
			sourceTree = "<group>";
		};
		2499AD02198F8960002E6E10 /* TJRPopoverView */ = {
			isa = PBXGroup;
			children = (
				2499AD03198F8960002E6E10 /* TJRPopoverView.h */,
				2499AD04198F8960002E6E10 /* TJRPopoverView.m */,
			);
			path = TJRPopoverView;
			sourceTree = "<group>";
		};
/* End PBXGroup section */

/* Begin PBXNativeTarget section */
		2499ACCC198F8850002E6E10 /* TJRPopoverViewDemo */ = {
			isa = PBXNativeTarget;
			buildConfigurationList = 2499ACF9198F8851002E6E10 /* Build configuration list for PBXNativeTarget "TJRPopoverViewDemo" */;
			buildPhases = (
				2499ACC9198F8850002E6E10 /* Sources */,
				2499ACCA198F8850002E6E10 /* Frameworks */,
				2499ACCB198F8850002E6E10 /* Resources */,
			);
			buildRules = (
			);
			dependencies = (
			);
			name = TJRPopoverViewDemo;
			productName = TJRPopoverViewDemo;
			productReference = 2499ACCD198F8850002E6E10 /* TJRPopoverViewDemo.app */;
			productType = "com.apple.product-type.application";
		};
		2499ACE7198F8851002E6E10 /* TJRPopoverViewDemoTests */ = {
			isa = PBXNativeTarget;
			buildConfigurationList = 2499ACFC198F8851002E6E10 /* Build configuration list for PBXNativeTarget "TJRPopoverViewDemoTests" */;
			buildPhases = (
				2499ACE4198F8851002E6E10 /* Sources */,
				2499ACE5198F8851002E6E10 /* Frameworks */,
				2499ACE6198F8851002E6E10 /* Resources */,
			);
			buildRules = (
			);
			dependencies = (
				2499ACEE198F8851002E6E10 /* PBXTargetDependency */,
			);
			name = TJRPopoverViewDemoTests;
			productName = TJRPopoverViewDemoTests;
			productReference = 2499ACE8198F8851002E6E10 /* TJRPopoverViewDemoTests.xctest */;
			productType = "com.apple.product-type.bundle.unit-test";
		};
/* End PBXNativeTarget section */

/* Begin PBXProject section */
		2499ACC5198F8850002E6E10 /* Project object */ = {
			isa = PBXProject;
			attributes = {
				LastUpgradeCheck = 0510;
				ORGANIZATIONNAME = brighttj;
				TargetAttributes = {
					2499ACE7198F8851002E6E10 = {
						TestTargetID = 2499ACCC198F8850002E6E10;
					};
				};
			};
			buildConfigurationList = 2499ACC8198F8850002E6E10 /* Build configuration list for PBXProject "TJRPopoverViewDemo" */;
			compatibilityVersion = "Xcode 3.2";
			developmentRegion = English;
			hasScannedForEncodings = 0;
			knownRegions = (
				en,
			);
			mainGroup = 2499ACC4198F8850002E6E10;
			productRefGroup = 2499ACCE198F8850002E6E10 /* Products */;
			projectDirPath = "";
			projectRoot = "";
			targets = (
				2499ACCC198F8850002E6E10 /* TJRPopoverViewDemo */,
				2499ACE7198F8851002E6E10 /* TJRPopoverViewDemoTests */,
			);
		};
/* End PBXProject section */

/* Begin PBXResourcesBuildPhase section */
		2499ACCB198F8850002E6E10 /* Resources */ = {
			isa = PBXResourcesBuildPhase;
			buildActionMask = 2147483647;
			files = (
				2499ACDB198F8851002E6E10 /* InfoPlist.strings in Resources */,
				2499ACE3198F8851002E6E10 /* Images.xcassets in Resources */,
			);
			runOnlyForDeploymentPostprocessing = 0;
		};
		2499ACE6198F8851002E6E10 /* Resources */ = {
			isa = PBXResourcesBuildPhase;
			buildActionMask = 2147483647;
			files = (
				2499ACF4198F8851002E6E10 /* InfoPlist.strings in Resources */,
			);
			runOnlyForDeploymentPostprocessing = 0;
		};
/* End PBXResourcesBuildPhase section */

/* Begin PBXSourcesBuildPhase section */
		2499ACC9198F8850002E6E10 /* Sources */ = {
			isa = PBXSourcesBuildPhase;
			buildActionMask = 2147483647;
			files = (
				2499ACE1198F8851002E6E10 /* AppDelegate.m in Sources */,
				2499AD05198F8960002E6E10 /* TJRPopoverView.m in Sources */,
				2499ACDD198F8851002E6E10 /* main.m in Sources */,
				2499AD01198F886A002E6E10 /* RootViewController.m in Sources */,
			);
			runOnlyForDeploymentPostprocessing = 0;
		};
		2499ACE4198F8851002E6E10 /* Sources */ = {
			isa = PBXSourcesBuildPhase;
			buildActionMask = 2147483647;
			files = (
				2499ACF6198F8851002E6E10 /* TJRPopoverViewDemoTests.m in Sources */,
			);
			runOnlyForDeploymentPostprocessing = 0;
		};
/* End PBXSourcesBuildPhase section */

/* Begin PBXTargetDependency section */
		2499ACEE198F8851002E6E10 /* PBXTargetDependency */ = {
			isa = PBXTargetDependency;
			target = 2499ACCC198F8850002E6E10 /* TJRPopoverViewDemo */;
			targetProxy = 2499ACED198F8851002E6E10 /* PBXContainerItemProxy */;
		};
/* End PBXTargetDependency section */

/* Begin PBXVariantGroup section */
		2499ACD9198F8851002E6E10 /* InfoPlist.strings */ = {
			isa = PBXVariantGroup;
			children = (
				2499ACDA198F8851002E6E10 /* en */,
			);
			name = InfoPlist.strings;
			sourceTree = "<group>";
		};
		2499ACF2198F8851002E6E10 /* InfoPlist.strings */ = {
			isa = PBXVariantGroup;
			children = (
				2499ACF3198F8851002E6E10 /* en */,
			);
			name = InfoPlist.strings;
			sourceTree = "<group>";
		};
/* End PBXVariantGroup section */

/* Begin XCBuildConfiguration section */
		2499ACF7198F8851002E6E10 /* Debug */ = {
			isa = XCBuildConfiguration;
			buildSettings = {
				ALWAYS_SEARCH_USER_PATHS = NO;
				CLANG_CXX_LANGUAGE_STANDARD = "gnu++0x";
				CLANG_CXX_LIBRARY = "libc++";
				CLANG_ENABLE_MODULES = YES;
				CLANG_ENABLE_OBJC_ARC = YES;
				CLANG_WARN_BOOL_CONVERSION = YES;
				CLANG_WARN_CONSTANT_CONVERSION = YES;
				CLANG_WARN_DIRECT_OBJC_ISA_USAGE = YES_ERROR;
				CLANG_WARN_EMPTY_BODY = YES;
				CLANG_WARN_ENUM_CONVERSION = YES;
				CLANG_WARN_INT_CONVERSION = YES;
				CLANG_WARN_OBJC_ROOT_CLASS = YES_ERROR;
				CLANG_WARN__DUPLICATE_METHOD_MATCH = YES;
				"CODE_SIGN_IDENTITY[sdk=iphoneos*]" = "iPhone Developer";
				COPY_PHASE_STRIP = NO;
				GCC_C_LANGUAGE_STANDARD = gnu99;
				GCC_DYNAMIC_NO_PIC = NO;
				GCC_OPTIMIZATION_LEVEL = 0;
				GCC_PREPROCESSOR_DEFINITIONS = (
					"DEBUG=1",
					"$(inherited)",
				);
				GCC_SYMBOLS_PRIVATE_EXTERN = NO;
				GCC_WARN_64_TO_32_BIT_CONVERSION = YES;
				GCC_WARN_ABOUT_RETURN_TYPE = YES_ERROR;
				GCC_WARN_UNDECLARED_SELECTOR = YES;
				GCC_WARN_UNINITIALIZED_AUTOS = YES_AGGRESSIVE;
				GCC_WARN_UNUSED_FUNCTION = YES;
				GCC_WARN_UNUSED_VARIABLE = YES;
				IPHONEOS_DEPLOYMENT_TARGET = 7.1;
				ONLY_ACTIVE_ARCH = YES;
				SDKROOT = iphoneos;
				TARGETED_DEVICE_FAMILY = 2;
			};
			name = Debug;
		};
		2499ACF8198F8851002E6E10 /* Release */ = {
			isa = XCBuildConfiguration;
			buildSettings = {
				ALWAYS_SEARCH_USER_PATHS = NO;
				CLANG_CXX_LANGUAGE_STANDARD = "gnu++0x";
				CLANG_CXX_LIBRARY = "libc++";
				CLANG_ENABLE_MODULES = YES;
				CLANG_ENABLE_OBJC_ARC = YES;
				CLANG_WARN_BOOL_CONVERSION = YES;
				CLANG_WARN_CONSTANT_CONVERSION = YES;
				CLANG_WARN_DIRECT_OBJC_ISA_USAGE = YES_ERROR;
				CLANG_WARN_EMPTY_BODY = YES;
				CLANG_WARN_ENUM_CONVERSION = YES;
				CLANG_WARN_INT_CONVERSION = YES;
				CLANG_WARN_OBJC_ROOT_CLASS = YES_ERROR;
				CLANG_WARN__DUPLICATE_METHOD_MATCH = YES;
				"CODE_SIGN_IDENTITY[sdk=iphoneos*]" = "iPhone Developer";
				COPY_PHASE_STRIP = YES;
				ENABLE_NS_ASSERTIONS = NO;
				GCC_C_LANGUAGE_STANDARD = gnu99;
				GCC_WARN_64_TO_32_BIT_CONVERSION = YES;
				GCC_WARN_ABOUT_RETURN_TYPE = YES_ERROR;
				GCC_WARN_UNDECLARED_SELECTOR = YES;
				GCC_WARN_UNINITIALIZED_AUTOS = YES_AGGRESSIVE;
				GCC_WARN_UNUSED_FUNCTION = YES;
				GCC_WARN_UNUSED_VARIABLE = YES;
				IPHONEOS_DEPLOYMENT_TARGET = 7.1;
				SDKROOT = iphoneos;
				TARGETED_DEVICE_FAMILY = 2;
				VALIDATE_PRODUCT = YES;
			};
			name = Release;
		};
		2499ACFA198F8851002E6E10 /* Debug */ = {
			isa = XCBuildConfiguration;
			buildSettings = {
				ASSETCATALOG_COMPILER_APPICON_NAME = AppIcon;
				ASSETCATALOG_COMPILER_LAUNCHIMAGE_NAME = LaunchImage;
				CLANG_ENABLE_OBJC_ARC = NO;
				GCC_PRECOMPILE_PREFIX_HEADER = YES;
				GCC_PREFIX_HEADER = "TJRPopoverViewDemo/TJRPopoverViewDemo-Prefix.pch";
				INFOPLIST_FILE = "TJRPopoverViewDemo/TJRPopoverViewDemo-Info.plist";
				PRODUCT_NAME = "$(TARGET_NAME)";
				WRAPPER_EXTENSION = app;
			};
			name = Debug;
		};
		2499ACFB198F8851002E6E10 /* Release */ = {
			isa = XCBuildConfiguration;
			buildSettings = {
				ASSETCATALOG_COMPILER_APPICON_NAME = AppIcon;
				ASSETCATALOG_COMPILER_LAUNCHIMAGE_NAME = LaunchImage;
				CLANG_ENABLE_OBJC_ARC = NO;
				GCC_PRECOMPILE_PREFIX_HEADER = YES;
				GCC_PREFIX_HEADER = "TJRPopoverViewDemo/TJRPopoverViewDemo-Prefix.pch";
				INFOPLIST_FILE = "TJRPopoverViewDemo/TJRPopoverViewDemo-Info.plist";
				PRODUCT_NAME = "$(TARGET_NAME)";
				WRAPPER_EXTENSION = app;
			};
			name = Release;
		};
		2499ACFD198F8851002E6E10 /* Debug */ = {
			isa = XCBuildConfiguration;
			buildSettings = {
				BUNDLE_LOADER = "$(BUILT_PRODUCTS_DIR)/TJRPopoverViewDemo.app/TJRPopoverViewDemo";
				FRAMEWORK_SEARCH_PATHS = (
					"$(SDKROOT)/Developer/Library/Frameworks",
					"$(inherited)",
					"$(DEVELOPER_FRAMEWORKS_DIR)",
				);
				GCC_PRECOMPILE_PREFIX_HEADER = YES;
				GCC_PREFIX_HEADER = "TJRPopoverViewDemo/TJRPopoverViewDemo-Prefix.pch";
				GCC_PREPROCESSOR_DEFINITIONS = (
					"DEBUG=1",
					"$(inherited)",
				);
				INFOPLIST_FILE = "TJRPopoverViewDemoTests/TJRPopoverViewDemoTests-Info.plist";
				PRODUCT_NAME = "$(TARGET_NAME)";
				TEST_HOST = "$(BUNDLE_LOADER)";
				WRAPPER_EXTENSION = xctest;
			};
			name = Debug;
		};
		2499ACFE198F8851002E6E10 /* Release */ = {
			isa = XCBuildConfiguration;
			buildSettings = {
				BUNDLE_LOADER = "$(BUILT_PRODUCTS_DIR)/TJRPopoverViewDemo.app/TJRPopoverViewDemo";
				FRAMEWORK_SEARCH_PATHS = (
					"$(SDKROOT)/Developer/Library/Frameworks",
					"$(inherited)",
					"$(DEVELOPER_FRAMEWORKS_DIR)",
				);
				GCC_PRECOMPILE_PREFIX_HEADER = YES;
				GCC_PREFIX_HEADER = "TJRPopoverViewDemo/TJRPopoverViewDemo-Prefix.pch";
				INFOPLIST_FILE = "TJRPopoverViewDemoTests/TJRPopoverViewDemoTests-Info.plist";
				PRODUCT_NAME = "$(TARGET_NAME)";
				TEST_HOST = "$(BUNDLE_LOADER)";
				WRAPPER_EXTENSION = xctest;
			};
			name = Release;
		};
/* End XCBuildConfiguration section */

/* Begin XCConfigurationList section */
		2499ACC8198F8850002E6E10 /* Build configuration list for PBXProject "TJRPopoverViewDemo" */ = {
			isa = XCConfigurationList;
			buildConfigurations = (
				2499ACF7198F8851002E6E10 /* Debug */,
				2499ACF8198F8851002E6E10 /* Release */,
			);
			defaultConfigurationIsVisible = 0;
			defaultConfigurationName = Release;
		};
		2499ACF9198F8851002E6E10 /* Build configuration list for PBXNativeTarget "TJRPopoverViewDemo" */ = {
			isa = XCConfigurationList;
			buildConfigurations = (
				2499ACFA198F8851002E6E10 /* Debug */,
				2499ACFB198F8851002E6E10 /* Release */,
			);
			defaultConfigurationIsVisible = 0;
		};
		2499ACFC198F8851002E6E10 /* Build configuration list for PBXNativeTarget "TJRPopoverViewDemoTests" */ = {
			isa = XCConfigurationList;
			buildConfigurations = (
				2499ACFD198F8851002E6E10 /* Debug */,
				2499ACFE198F8851002E6E10 /* Release */,
			);
			defaultConfigurationIsVisible = 0;
		};
/* End XCConfigurationList section */
	};
	rootObject = 2499ACC5198F8850002E6E10 /* Project object */;
}
